
Microsoft Visual Studio Solution File, Format Version 12.00
# Visual Studio Version 16
VisualStudioVersion = 16.0.31702.278
MinimumVisualStudioVersion = 10.0.40219.1
Project("{2150E333-8FDC-42A3-9474-1A3956D46DE8}") = "EventSource", "EventSource", "{C7DD141B-CE60-4811-B88F-7E327C72DDBE}"
EndProject
Project("{FAE04EC0-301F-11D3-BF4B-00C04F79EFBC}") = "EventSourceUI", "EventSourceUI\EventSourceUI.csproj", "{8ED316BF-6788-472B-B342-8FE3D3D8B2C9}"
EndProject
Project("{FAE04EC0-301F-11D3-BF4B-00C04F79EFBC}") = "EventSource.Shared", "EventSource.Shared\EventSource.Shared.csproj", "{9B42083C-253F-499D-895E-82AF1CCDE218}"
EndProject
Global
	GlobalSection(SolutionConfigurationPlatforms) = preSolution
		Debug|Any CPU = Debug|Any CPU
		Release|Any CPU = Release|Any CPU
	EndGlobalSection
	GlobalSection(ProjectConfigurationPlatforms) = postSolution
		{8ED316BF-6788-472B-B342-8FE3D3D8B2C9}.Debug|Any CPU.ActiveCfg = Debug|Any CPU
		{8ED316BF-6788-472B-B342-8FE3D3D8B2C9}.Debug|Any CPU.Build.0 = Debug|Any CPU
		{8ED316BF-6788-472B-B342-8FE3D3D8B2C9}.Release|Any CPU.ActiveCfg = Release|Any CPU
		{8ED316BF-6788-472B-B342-8FE3D3D8B2C9}.Release|Any CPU.Build.0 = Release|Any CPU
		{9B42083C-253F-499D-895E-82AF1CCDE218}.Debug|Any CPU.ActiveCfg = Debug|Any CPU
		{9B42083C-253F-499D-895E-82AF1CCDE218}.Debug|Any CPU.Build.0 = Debug|Any CPU
		{9B42083C-253F-499D-895E-82AF1CCDE218}.Release|Any CPU.ActiveCfg = Release|Any CPU
		{9B42083C-253F-499D-895E-82AF1CCDE218}.Release|Any CPU.Build.0 = Release|Any CPU
	EndGlobalSection
	GlobalSection(SolutionProperties) = preSolution
		HideSolutionNode = FALSE
	EndGlobalSection
	GlobalSection(NestedProjects) = preSolution
		{8ED316BF-6788-472B-B342-8FE3D3D8B2C9} = {C7DD141B-CE60-4811-B88F-7E327C72DDBE}
		{9B42083C-253F-499D-895E-82AF1CCDE218} = {C7DD141B-CE60-4811-B88F-7E327C72DDBE}
	EndGlobalSection
	GlobalSection(ExtensibilityGlobals) = postSolution
		SolutionGuid = {90378DA9-31BC-4853-992F-A39B919A5ADE}
	EndGlobalSection
EndGlobal
