
Microsoft Visual Studio Solution File, Format Version 12.00
# Visual Studio Version 16
VisualStudioVersion = 16.0.31702.278
MinimumVisualStudioVersion = 10.0.40219.1
Project("{FAE04EC0-301F-11D3-BF4B-00C04F79EFBC}") = "ServiceA.API", "ServiceA.API\ServiceA.API.csproj", "{5D45164C-06AB-498E-9681-12FF9EC15177}"
EndProject
Project("{FAE04EC0-301F-11D3-BF4B-00C04F79EFBC}") = "ServiceB.API", "ServiceB.API\ServiceB.API.csproj", "{F1F36376-18FB-4F39-9E23-392AC9E67BBF}"
EndProject
Global
	GlobalSection(SolutionConfigurationPlatforms) = preSolution
		Debug|Any CPU = Debug|Any CPU
		Release|Any CPU = Release|Any CPU
	EndGlobalSection
	GlobalSection(ProjectConfigurationPlatforms) = postSolution
		{5D45164C-06AB-498E-9681-12FF9EC15177}.Debug|Any CPU.ActiveCfg = Debug|Any CPU
		{5D45164C-06AB-498E-9681-12FF9EC15177}.Debug|Any CPU.Build.0 = Debug|Any CPU
		{5D45164C-06AB-498E-9681-12FF9EC15177}.Release|Any CPU.ActiveCfg = Release|Any CPU
		{5D45164C-06AB-498E-9681-12FF9EC15177}.Release|Any CPU.Build.0 = Release|Any CPU
		{F1F36376-18FB-4F39-9E23-392AC9E67BBF}.Debug|Any CPU.ActiveCfg = Debug|Any CPU
		{F1F36376-18FB-4F39-9E23-392AC9E67BBF}.Debug|Any CPU.Build.0 = Debug|Any CPU
		{F1F36376-18FB-4F39-9E23-392AC9E67BBF}.Release|Any CPU.ActiveCfg = Release|Any CPU
		{F1F36376-18FB-4F39-9E23-392AC9E67BBF}.Release|Any CPU.Build.0 = Release|Any CPU
	EndGlobalSection
	GlobalSection(SolutionProperties) = preSolution
		HideSolutionNode = FALSE
	EndGlobalSection
	GlobalSection(NestedProjects) = preSolution
	EndGlobalSection
	GlobalSection(ExtensibilityGlobals) = postSolution
		SolutionGuid = {90378DA9-31BC-4853-992F-A39B919A5ADE}
	EndGlobalSection
EndGlobal
